
Microsoft Visual Studio Solution File, Format Version 12.00
# Visual Studio Version 16
VisualStudioVersion = 16.0.30002.166
MinimumVisualStudioVersion = 10.0.40219.1
Project("{FAE04EC0-301F-11D3-BF4B-00C04F79EFBC}") = "akahu-dotnet", "akahu-dotnet\akahu-dotnet.csproj", "{6DA002E5-FF2B-4909-80D1-164CDF6B05BE}"
EndProject
Global
	GlobalSection(SolutionConfigurationPlatforms) = preSolution
		Debug|Any CPU = Debug|Any CPU
		Release|Any CPU = Release|Any CPU
	EndGlobalSection
	GlobalSection(ProjectConfigurationPlatforms) = postSolution
		{6DA002E5-FF2B-4909-80D1-164CDF6B05BE}.Debug|Any CPU.ActiveCfg = Debug|Any CPU
		{6DA002E5-FF2B-4909-80D1-164CDF6B05BE}.Debug|Any CPU.Build.0 = Debug|Any CPU
		{6DA002E5-FF2B-4909-80D1-164CDF6B05BE}.Release|Any CPU.ActiveCfg = Release|Any CPU
		{6DA002E5-FF2B-4909-80D1-164CDF6B05BE}.Release|Any CPU.Build.0 = Release|Any CPU
	EndGlobalSection
	GlobalSection(SolutionProperties) = preSolution
		HideSolutionNode = FALSE
	EndGlobalSection
	GlobalSection(ExtensibilityGlobals) = postSolution
		SolutionGuid = {8DEB3D1C-D122-4DDF-BF1B-0A499524F720}
	EndGlobalSection
EndGlobal
